
Microsoft Visual Studio Solution File, Format Version 12.00
# Visual Studio 15
VisualStudioVersion = 15.0.27004.2006
MinimumVisualStudioVersion = 10.0.40219.1
Project("{8BC9CEB8-8B4A-11D0-8D11-00A0C91BC942}") = "IO10", "IO10\IO10.vcxproj", "{1595DFCC-7294-4827-A804-24138B999DDD}"
EndProject
Global
	GlobalSection(SolutionConfigurationPlatforms) = preSolution
		Debug|x64 = Debug|x64
		Debug|x86 = Debug|x86
		Release|x64 = Release|x64
		Release|x86 = Release|x86
	EndGlobalSection
	GlobalSection(ProjectConfigurationPlatforms) = postSolution
		{1595DFCC-7294-4827-A804-24138B999DDD}.Debug|x64.ActiveCfg = Debug|x64
		{1595DFCC-7294-4827-A804-24138B999DDD}.Debug|x64.Build.0 = Debug|x64
		{1595DFCC-7294-4827-A804-24138B999DDD}.Debug|x86.ActiveCfg = Debug|Win32
		{1595DFCC-7294-4827-A804-24138B999DDD}.Debug|x86.Build.0 = Debug|Win32
		{1595DFCC-7294-4827-A804-24138B999DDD}.Release|x64.ActiveCfg = Release|x64
		{1595DFCC-7294-4827-A804-24138B999DDD}.Release|x64.Build.0 = Release|x64
		{1595DFCC-7294-4827-A804-24138B999DDD}.Release|x86.ActiveCfg = Release|Win32
		{1595DFCC-7294-4827-A804-24138B999DDD}.Release|x86.Build.0 = Release|Win32
	EndGlobalSection
	GlobalSection(SolutionProperties) = preSolution
		HideSolutionNode = FALSE
	EndGlobalSection
	GlobalSection(ExtensibilityGlobals) = postSolution
		SolutionGuid = {83B94A6B-50D5-4B48-ACCB-A7BC4FF2E4F0}
	EndGlobalSection
EndGlobal
