
Microsoft Visual Studio Solution File, Format Version 12.00
# Visual Studio 15
VisualStudioVersion = 15.0.27004.2006
MinimumVisualStudioVersion = 10.0.40219.1
Project("{8BC9CEB8-8B4A-11D0-8D11-00A0C91BC942}") = "RegApiDemo", "RegApiDemo\RegApiDemo.vcxproj", "{4AF0429F-E390-4362-AA97-C79ABFE301BC}"
EndProject
Global
	GlobalSection(SolutionConfigurationPlatforms) = preSolution
		Debug|x64 = Debug|x64
		Debug|x86 = Debug|x86
		Release|x64 = Release|x64
		Release|x86 = Release|x86
	EndGlobalSection
	GlobalSection(ProjectConfigurationPlatforms) = postSolution
		{4AF0429F-E390-4362-AA97-C79ABFE301BC}.Debug|x64.ActiveCfg = Debug|x64
		{4AF0429F-E390-4362-AA97-C79ABFE301BC}.Debug|x64.Build.0 = Debug|x64
		{4AF0429F-E390-4362-AA97-C79ABFE301BC}.Debug|x86.ActiveCfg = Debug|Win32
		{4AF0429F-E390-4362-AA97-C79ABFE301BC}.Debug|x86.Build.0 = Debug|Win32
		{4AF0429F-E390-4362-AA97-C79ABFE301BC}.Release|x64.ActiveCfg = Release|x64
		{4AF0429F-E390-4362-AA97-C79ABFE301BC}.Release|x64.Build.0 = Release|x64
		{4AF0429F-E390-4362-AA97-C79ABFE301BC}.Release|x86.ActiveCfg = Release|Win32
		{4AF0429F-E390-4362-AA97-C79ABFE301BC}.Release|x86.Build.0 = Release|Win32
	EndGlobalSection
	GlobalSection(SolutionProperties) = preSolution
		HideSolutionNode = FALSE
	EndGlobalSection
	GlobalSection(ExtensibilityGlobals) = postSolution
		SolutionGuid = {64A1EE75-BC33-43AD-A699-2A7875842BE9}
	EndGlobalSection
EndGlobal
