
Microsoft Visual Studio Solution File, Format Version 12.00
# Visual Studio 15
VisualStudioVersion = 15.0.27004.2006
MinimumVisualStudioVersion = 10.0.40219.1
Project("{8BC9CEB8-8B4A-11D0-8D11-00A0C91BC942}") = "replacedll", "replacedll\replacedll.vcxproj", "{EAD68F81-6B0C-4D96-97D6-3D8912ECC876}"
EndProject
Global
	GlobalSection(SolutionConfigurationPlatforms) = preSolution
		Debug|x64 = Debug|x64
		Debug|x86 = Debug|x86
		Release|x64 = Release|x64
		Release|x86 = Release|x86
	EndGlobalSection
	GlobalSection(ProjectConfigurationPlatforms) = postSolution
		{EAD68F81-6B0C-4D96-97D6-3D8912ECC876}.Debug|x64.ActiveCfg = Debug|x64
		{EAD68F81-6B0C-4D96-97D6-3D8912ECC876}.Debug|x64.Build.0 = Debug|x64
		{EAD68F81-6B0C-4D96-97D6-3D8912ECC876}.Debug|x86.ActiveCfg = Debug|Win32
		{EAD68F81-6B0C-4D96-97D6-3D8912ECC876}.Debug|x86.Build.0 = Debug|Win32
		{EAD68F81-6B0C-4D96-97D6-3D8912ECC876}.Release|x64.ActiveCfg = Release|x64
		{EAD68F81-6B0C-4D96-97D6-3D8912ECC876}.Release|x64.Build.0 = Release|x64
		{EAD68F81-6B0C-4D96-97D6-3D8912ECC876}.Release|x86.ActiveCfg = Release|Win32
		{EAD68F81-6B0C-4D96-97D6-3D8912ECC876}.Release|x86.Build.0 = Release|Win32
	EndGlobalSection
	GlobalSection(SolutionProperties) = preSolution
		HideSolutionNode = FALSE
	EndGlobalSection
	GlobalSection(ExtensibilityGlobals) = postSolution
		SolutionGuid = {230BA330-057D-480F-86AB-7E5130188C76}
	EndGlobalSection
EndGlobal
