
Microsoft Visual Studio Solution File, Format Version 12.00
# Visual Studio 15
VisualStudioVersion = 15.0.27004.2006
MinimumVisualStudioVersion = 10.0.40219.1
Project("{888888A0-9F3D-457C-B088-3A5042F75D52}") = "DLL_py", "DLL_py\DLL_py.pyproj", "{C93CED3C-6D0F-452B-B178-71A2A1FC7484}"
EndProject
Global
	GlobalSection(SolutionConfigurationPlatforms) = preSolution
		Debug|Any CPU = Debug|Any CPU
		Release|Any CPU = Release|Any CPU
	EndGlobalSection
	GlobalSection(ProjectConfigurationPlatforms) = postSolution
		{C93CED3C-6D0F-452B-B178-71A2A1FC7484}.Debug|Any CPU.ActiveCfg = Debug|Any CPU
		{C93CED3C-6D0F-452B-B178-71A2A1FC7484}.Release|Any CPU.ActiveCfg = Release|Any CPU
	EndGlobalSection
	GlobalSection(SolutionProperties) = preSolution
		HideSolutionNode = FALSE
	EndGlobalSection
	GlobalSection(ExtensibilityGlobals) = postSolution
		SolutionGuid = {C26681E7-673B-4816-9B32-2FC2A228C69F}
	EndGlobalSection
EndGlobal
