
Microsoft Visual Studio Solution File, Format Version 12.00
# Visual Studio 15
VisualStudioVersion = 15.0.27004.2006
MinimumVisualStudioVersion = 10.0.40219.1
Project("{FAE04EC0-301F-11D3-BF4B-00C04F79EFBC}") = "TestCDllCSharp", "TestCDllCSharp\TestCDllCSharp.csproj", "{EE8A7E50-079C-46AD-ABB0-1E804FA759BC}"
EndProject
Global
	GlobalSection(SolutionConfigurationPlatforms) = preSolution
		Debug|Any CPU = Debug|Any CPU
		Release|Any CPU = Release|Any CPU
	EndGlobalSection
	GlobalSection(ProjectConfigurationPlatforms) = postSolution
		{EE8A7E50-079C-46AD-ABB0-1E804FA759BC}.Debug|Any CPU.ActiveCfg = Debug|Any CPU
		{EE8A7E50-079C-46AD-ABB0-1E804FA759BC}.Debug|Any CPU.Build.0 = Debug|Any CPU
		{EE8A7E50-079C-46AD-ABB0-1E804FA759BC}.Release|Any CPU.ActiveCfg = Release|Any CPU
		{EE8A7E50-079C-46AD-ABB0-1E804FA759BC}.Release|Any CPU.Build.0 = Release|Any CPU
	EndGlobalSection
	GlobalSection(SolutionProperties) = preSolution
		HideSolutionNode = FALSE
	EndGlobalSection
	GlobalSection(ExtensibilityGlobals) = postSolution
		SolutionGuid = {E161292C-F14A-4104-A2E1-5FBC56E3B7C4}
	EndGlobalSection
EndGlobal
