
Microsoft Visual Studio Solution File, Format Version 12.00
# Visual Studio 15
VisualStudioVersion = 15.0.27004.2006
MinimumVisualStudioVersion = 10.0.40219.1
Project("{8BC9CEB8-8B4A-11D0-8D11-00A0C91BC942}") = "threadpool11", "threadpool11\threadpool11.vcxproj", "{6FAFA9F2-3AE2-4E77-97C6-B521334C9578}"
EndProject
Global
	GlobalSection(SolutionConfigurationPlatforms) = preSolution
		Debug|x64 = Debug|x64
		Debug|x86 = Debug|x86
		Release|x64 = Release|x64
		Release|x86 = Release|x86
	EndGlobalSection
	GlobalSection(ProjectConfigurationPlatforms) = postSolution
		{6FAFA9F2-3AE2-4E77-97C6-B521334C9578}.Debug|x64.ActiveCfg = Debug|x64
		{6FAFA9F2-3AE2-4E77-97C6-B521334C9578}.Debug|x64.Build.0 = Debug|x64
		{6FAFA9F2-3AE2-4E77-97C6-B521334C9578}.Debug|x86.ActiveCfg = Debug|Win32
		{6FAFA9F2-3AE2-4E77-97C6-B521334C9578}.Debug|x86.Build.0 = Debug|Win32
		{6FAFA9F2-3AE2-4E77-97C6-B521334C9578}.Release|x64.ActiveCfg = Release|x64
		{6FAFA9F2-3AE2-4E77-97C6-B521334C9578}.Release|x64.Build.0 = Release|x64
		{6FAFA9F2-3AE2-4E77-97C6-B521334C9578}.Release|x86.ActiveCfg = Release|Win32
		{6FAFA9F2-3AE2-4E77-97C6-B521334C9578}.Release|x86.Build.0 = Release|Win32
	EndGlobalSection
	GlobalSection(SolutionProperties) = preSolution
		HideSolutionNode = FALSE
	EndGlobalSection
	GlobalSection(ExtensibilityGlobals) = postSolution
		SolutionGuid = {6573CAAE-BBD3-42C4-8C11-C6AAFA83AACC}
	EndGlobalSection
EndGlobal
